// !$*UTF8*$!
{
	archiveVersion = 1;
	classes = {
	};
	objectVersion = 46;
	objects = {

/* Begin PBXBuildFile section */
		E3250706193D749B007AA64A /* AppearanceManager.swift in Sources */ = {isa = PBXBuildFile; fileRef = E3250705193D749B007AA64A /* AppearanceManager.swift */; };
		E3250708193D85E1007AA64A /* EventManager.swift in Sources */ = {isa = PBXBuildFile; fileRef = E3250707193D85E1007AA64A /* EventManager.swift */; };
		E3409DBE196D3A0000BCD845 /* Defines.swift in Sources */ = {isa = PBXBuildFile; fileRef = E3409DBD196D3A0000BCD845 /* Defines.swift */; };
		E3409DC1197BBCBD00BCD845 /* NavigationTitleView.swift in Sources */ = {isa = PBXBuildFile; fileRef = E3409DC0197BBCBD00BCD845 /* NavigationTitleView.swift */; };
		E3409DC4197BBCD100BCD845 /* ZoomTransitionCoordinator.swift in Sources */ = {isa = PBXBuildFile; fileRef = E3409DC3197BBCD100BCD845 /* ZoomTransitionCoordinator.swift */; };
		E347F6471988C65200F09BDF /* Additions.swift in Sources */ = {isa = PBXBuildFile; fileRef = E347F6461988C65200F09BDF /* Additions.swift */; };
		E388DDBB198B740C00F45A02 /* NavigationTitleScrollView.swift in Sources */ = {isa = PBXBuildFile; fileRef = E388DDBA198B740C00F45A02 /* NavigationTitleScrollView.swift */; };
		E3989E7D193D3BA7006DCA09 /* AppDelegate.swift in Sources */ = {isa = PBXBuildFile; fileRef = E3989E7C193D3BA7006DCA09 /* AppDelegate.swift */; };
		E3989E7F193D3BA7006DCA09 /* MonthsViewController.swift in Sources */ = {isa = PBXBuildFile; fileRef = E3989E7E193D3BA7006DCA09 /* MonthsViewController.swift */; };
		E3989E82193D3BA7006DCA09 /* Main~iphone.storyboard in Resources */ = {isa = PBXBuildFile; fileRef = E3989E80193D3BA7006DCA09 /* Main~iphone.storyboard */; };
		E3989E84193D3BA7006DCA09 /* Images.xcassets in Resources */ = {isa = PBXBuildFile; fileRef = E3989E83193D3BA7006DCA09 /* Images.xcassets */; };
		E3989E90193D3BA7006DCA09 /* EventualTests.swift in Sources */ = {isa = PBXBuildFile; fileRef = E3989E8F193D3BA7006DCA09 /* EventualTests.swift */; };
		E39CA16219A46BFA002427EF /* eventual.otf in Resources */ = {isa = PBXBuildFile; fileRef = E39CA16119A46BFA002427EF /* eventual.otf */; };
		E3C2D1EB197F98A100858DD0 /* NavigationController.swift in Sources */ = {isa = PBXBuildFile; fileRef = E3C2D1EA197F98A100858DD0 /* NavigationController.swift */; };
		E3C2D1EE197F9DE400858DD0 /* EventViewController.swift in Sources */ = {isa = PBXBuildFile; fileRef = E3C2D1ED197F9DE400858DD0 /* EventViewController.swift */; };
		E3C2D1F1197F9FFE00858DD0 /* DayViewController.swift in Sources */ = {isa = PBXBuildFile; fileRef = E3C2D1F0197F9FFE00858DD0 /* DayViewController.swift */; };
		E3DB41CE199F39430009FA17 /* EventViewCell.swift in Sources */ = {isa = PBXBuildFile; fileRef = E3DB41CD199F39430009FA17 /* EventViewCell.swift */; };
		E3DBF31B198459E50025854B /* DayViewCell.swift in Sources */ = {isa = PBXBuildFile; fileRef = E3DBF31A198459E50025854B /* DayViewCell.swift */; };
/* End PBXBuildFile section */

/* Begin PBXContainerItemProxy section */
		E3989E8A193D3BA7006DCA09 /* PBXContainerItemProxy */ = {
			isa = PBXContainerItemProxy;
			containerPortal = E3989E6F193D3BA7006DCA09 /* Project object */;
			proxyType = 1;
			remoteGlobalIDString = E3989E76193D3BA7006DCA09;
			remoteInfo = Eventual;
		};
/* End PBXContainerItemProxy section */

/* Begin PBXFileReference section */
		E3250705193D749B007AA64A /* AppearanceManager.swift */ = {isa = PBXFileReference; fileEncoding = 4; lastKnownFileType = sourcecode.swift; path = AppearanceManager.swift; sourceTree = "<group>"; };
		E3250707193D85E1007AA64A /* EventManager.swift */ = {isa = PBXFileReference; fileEncoding = 4; lastKnownFileType = sourcecode.swift; path = EventManager.swift; sourceTree = "<group>"; };
		E3409DBD196D3A0000BCD845 /* Defines.swift */ = {isa = PBXFileReference; fileEncoding = 4; lastKnownFileType = sourcecode.swift; path = Defines.swift; sourceTree = "<group>"; };
		E3409DC0197BBCBD00BCD845 /* NavigationTitleView.swift */ = {isa = PBXFileReference; fileEncoding = 4; lastKnownFileType = sourcecode.swift; path = NavigationTitleView.swift; sourceTree = "<group>"; };
		E3409DC3197BBCD100BCD845 /* ZoomTransitionCoordinator.swift */ = {isa = PBXFileReference; fileEncoding = 4; lastKnownFileType = sourcecode.swift; path = ZoomTransitionCoordinator.swift; sourceTree = "<group>"; };
		E347F6461988C65200F09BDF /* Additions.swift */ = {isa = PBXFileReference; fileEncoding = 4; lastKnownFileType = sourcecode.swift; path = Additions.swift; sourceTree = "<group>"; };
		E388DDBA198B740C00F45A02 /* NavigationTitleScrollView.swift */ = {isa = PBXFileReference; fileEncoding = 4; lastKnownFileType = sourcecode.swift; path = NavigationTitleScrollView.swift; sourceTree = "<group>"; };
		E3989E77193D3BA7006DCA09 /* Eventual.app */ = {isa = PBXFileReference; explicitFileType = wrapper.application; includeInIndex = 0; path = Eventual.app; sourceTree = BUILT_PRODUCTS_DIR; };
		E3989E7B193D3BA7006DCA09 /* Info.plist */ = {isa = PBXFileReference; lastKnownFileType = text.plist.xml; path = Info.plist; sourceTree = "<group>"; };
		E3989E7C193D3BA7006DCA09 /* AppDelegate.swift */ = {isa = PBXFileReference; lastKnownFileType = sourcecode.swift; path = AppDelegate.swift; sourceTree = "<group>"; };
		E3989E7E193D3BA7006DCA09 /* MonthsViewController.swift */ = {isa = PBXFileReference; lastKnownFileType = sourcecode.swift; path = MonthsViewController.swift; sourceTree = "<group>"; };
		E3989E81193D3BA7006DCA09 /* Base */ = {isa = PBXFileReference; lastKnownFileType = file.storyboard; name = Base; path = "Base.lproj/Main~iphone.storyboard"; sourceTree = "<group>"; };
		E3989E83193D3BA7006DCA09 /* Images.xcassets */ = {isa = PBXFileReference; lastKnownFileType = folder.assetcatalog; path = Images.xcassets; sourceTree = "<group>"; };
		E3989E89193D3BA7006DCA09 /* EventualTests.xctest */ = {isa = PBXFileReference; explicitFileType = wrapper.cfbundle; includeInIndex = 0; path = EventualTests.xctest; sourceTree = BUILT_PRODUCTS_DIR; };
		E3989E8E193D3BA7006DCA09 /* Info.plist */ = {isa = PBXFileReference; lastKnownFileType = text.plist.xml; path = Info.plist; sourceTree = "<group>"; };
		E3989E8F193D3BA7006DCA09 /* EventualTests.swift */ = {isa = PBXFileReference; lastKnownFileType = sourcecode.swift; path = EventualTests.swift; sourceTree = "<group>"; };
		E39CA16119A46BFA002427EF /* eventual.otf */ = {isa = PBXFileReference; lastKnownFileType = file; path = eventual.otf; sourceTree = "<group>"; };
		E3C2D1EA197F98A100858DD0 /* NavigationController.swift */ = {isa = PBXFileReference; fileEncoding = 4; lastKnownFileType = sourcecode.swift; path = NavigationController.swift; sourceTree = "<group>"; };
		E3C2D1ED197F9DE400858DD0 /* EventViewController.swift */ = {isa = PBXFileReference; fileEncoding = 4; lastKnownFileType = sourcecode.swift; path = EventViewController.swift; sourceTree = "<group>"; };
		E3C2D1F0197F9FFE00858DD0 /* DayViewController.swift */ = {isa = PBXFileReference; fileEncoding = 4; lastKnownFileType = sourcecode.swift; path = DayViewController.swift; sourceTree = "<group>"; };
		E3DB41CD199F39430009FA17 /* EventViewCell.swift */ = {isa = PBXFileReference; fileEncoding = 4; lastKnownFileType = sourcecode.swift; path = EventViewCell.swift; sourceTree = "<group>"; };
		E3DBF31A198459E50025854B /* DayViewCell.swift */ = {isa = PBXFileReference; fileEncoding = 4; lastKnownFileType = sourcecode.swift; path = DayViewCell.swift; sourceTree = "<group>"; };
/* End PBXFileReference section */

/* Begin PBXFrameworksBuildPhase section */
		E3989E74193D3BA7006DCA09 /* Frameworks */ = {
			isa = PBXFrameworksBuildPhase;
			buildActionMask = 2147483647;
			files = (
			);
			runOnlyForDeploymentPostprocessing = 0;
		};
		E3989E86193D3BA7006DCA09 /* Frameworks */ = {
			isa = PBXFrameworksBuildPhase;
			buildActionMask = 2147483647;
			files = (
			);
			runOnlyForDeploymentPostprocessing = 0;
		};
/* End PBXFrameworksBuildPhase section */

/* Begin PBXGroup section */
		E3989E6E193D3BA7006DCA09 = {
			isa = PBXGroup;
			children = (
				E3989E79193D3BA7006DCA09 /* Eventual */,
				E3989E8C193D3BA7006DCA09 /* EventualTests */,
				E3989E78193D3BA7006DCA09 /* Products */,
			);
			sourceTree = "<group>";
		};
		E3989E78193D3BA7006DCA09 /* Products */ = {
			isa = PBXGroup;
			children = (
				E3989E77193D3BA7006DCA09 /* Eventual.app */,
				E3989E89193D3BA7006DCA09 /* EventualTests.xctest */,
			);
			name = Products;
			sourceTree = "<group>";
		};
		E3989E79193D3BA7006DCA09 /* Eventual */ = {
			isa = PBXGroup;
			children = (
				E347F6461988C65200F09BDF /* Additions.swift */,
				E3989E7C193D3BA7006DCA09 /* AppDelegate.swift */,
				E3250705193D749B007AA64A /* AppearanceManager.swift */,
				E3DBF31A198459E50025854B /* DayViewCell.swift */,
				E3C2D1F0197F9FFE00858DD0 /* DayViewController.swift */,
				E3409DBD196D3A0000BCD845 /* Defines.swift */,
				E3250707193D85E1007AA64A /* EventManager.swift */,
				E3DB41CD199F39430009FA17 /* EventViewCell.swift */,
				E3C2D1ED197F9DE400858DD0 /* EventViewController.swift */,
				E3989E7E193D3BA7006DCA09 /* MonthsViewController.swift */,
				E3C2D1EA197F98A100858DD0 /* NavigationController.swift */,
				E388DDBA198B740C00F45A02 /* NavigationTitleScrollView.swift */,
				E3409DC0197BBCBD00BCD845 /* NavigationTitleView.swift */,
				E3409DC3197BBCD100BCD845 /* ZoomTransitionCoordinator.swift */,
				E3989E83193D3BA7006DCA09 /* Images.xcassets */,
				E3989E80193D3BA7006DCA09 /* Main~iphone.storyboard */,
				E3989E7A193D3BA7006DCA09 /* Supporting Files */,
			);
			path = Eventual;
			sourceTree = "<group>";
		};
		E3989E7A193D3BA7006DCA09 /* Supporting Files */ = {
			isa = PBXGroup;
			children = (
				E3989E7B193D3BA7006DCA09 /* Info.plist */,
				E39CA16119A46BFA002427EF /* eventual.otf */,
			);
			name = "Supporting Files";
			sourceTree = "<group>";
		};
		E3989E8C193D3BA7006DCA09 /* EventualTests */ = {
			isa = PBXGroup;
			children = (
				E3989E8F193D3BA7006DCA09 /* EventualTests.swift */,
				E3989E8D193D3BA7006DCA09 /* Supporting Files */,
			);
			path = EventualTests;
			sourceTree = "<group>";
		};
		E3989E8D193D3BA7006DCA09 /* Supporting Files */ = {
			isa = PBXGroup;
			children = (
				E3989E8E193D3BA7006DCA09 /* Info.plist */,
			);
			name = "Supporting Files";
			sourceTree = "<group>";
		};
/* End PBXGroup section */

/* Begin PBXNativeTarget section */
		E3989E76193D3BA7006DCA09 /* Eventual */ = {
			isa = PBXNativeTarget;
			buildConfigurationList = E3989E93193D3BA7006DCA09 /* Build configuration list for PBXNativeTarget "Eventual" */;
			buildPhases = (
				E3989E73193D3BA7006DCA09 /* Sources */,
				E3989E74193D3BA7006DCA09 /* Frameworks */,
				E3989E75193D3BA7006DCA09 /* Resources */,
			);
			buildRules = (
			);
			dependencies = (
			);
			name = Eventual;
			productName = Eventual;
			productReference = E3989E77193D3BA7006DCA09 /* Eventual.app */;
			productType = "com.apple.product-type.application";
		};
		E3989E88193D3BA7006DCA09 /* EventualTests */ = {
			isa = PBXNativeTarget;
			buildConfigurationList = E3989E96193D3BA7006DCA09 /* Build configuration list for PBXNativeTarget "EventualTests" */;
			buildPhases = (
				E3989E85193D3BA7006DCA09 /* Sources */,
				E3989E86193D3BA7006DCA09 /* Frameworks */,
				E3989E87193D3BA7006DCA09 /* Resources */,
			);
			buildRules = (
			);
			dependencies = (
				E3989E8B193D3BA7006DCA09 /* PBXTargetDependency */,
			);
			name = EventualTests;
			productName = EventualTests;
			productReference = E3989E89193D3BA7006DCA09 /* EventualTests.xctest */;
			productType = "com.apple.product-type.bundle.unit-test";
		};
/* End PBXNativeTarget section */

/* Begin PBXProject section */
		E3989E6F193D3BA7006DCA09 /* Project object */ = {
			isa = PBXProject;
			attributes = {
				LastUpgradeCheck = 0600;
				ORGANIZATIONNAME = "Hashtag Studio";
				TargetAttributes = {
					E3989E76193D3BA7006DCA09 = {
						CreatedOnToolsVersion = 6.0;
					};
					E3989E88193D3BA7006DCA09 = {
						CreatedOnToolsVersion = 6.0;
						TestTargetID = E3989E76193D3BA7006DCA09;
					};
				};
			};
			buildConfigurationList = E3989E72193D3BA7006DCA09 /* Build configuration list for PBXProject "Eventual" */;
			compatibilityVersion = "Xcode 3.2";
			developmentRegion = English;
			hasScannedForEncodings = 0;
			knownRegions = (
				en,
				Base,
			);
			mainGroup = E3989E6E193D3BA7006DCA09;
			productRefGroup = E3989E78193D3BA7006DCA09 /* Products */;
			projectDirPath = "";
			projectRoot = "";
			targets = (
				E3989E76193D3BA7006DCA09 /* Eventual */,
				E3989E88193D3BA7006DCA09 /* EventualTests */,
			);
		};
/* End PBXProject section */

/* Begin PBXResourcesBuildPhase section */
		E3989E75193D3BA7006DCA09 /* Resources */ = {
			isa = PBXResourcesBuildPhase;
			buildActionMask = 2147483647;
			files = (
				E39CA16219A46BFA002427EF /* eventual.otf in Resources */,
				E3989E82193D3BA7006DCA09 /* Main~iphone.storyboard in Resources */,
				E3989E84193D3BA7006DCA09 /* Images.xcassets in Resources */,
			);
			runOnlyForDeploymentPostprocessing = 0;
		};
		E3989E87193D3BA7006DCA09 /* Resources */ = {
			isa = PBXResourcesBuildPhase;
			buildActionMask = 2147483647;
			files = (
			);
			runOnlyForDeploymentPostprocessing = 0;
		};
/* End PBXResourcesBuildPhase section */

/* Begin PBXSourcesBuildPhase section */
		E3989E73193D3BA7006DCA09 /* Sources */ = {
			isa = PBXSourcesBuildPhase;
			buildActionMask = 2147483647;
			files = (
				E3250706193D749B007AA64A /* AppearanceManager.swift in Sources */,
				E3C2D1F1197F9FFE00858DD0 /* DayViewController.swift in Sources */,
				E3C2D1EB197F98A100858DD0 /* NavigationController.swift in Sources */,
				E3DB41CE199F39430009FA17 /* EventViewCell.swift in Sources */,
				E3250708193D85E1007AA64A /* EventManager.swift in Sources */,
				E3409DC4197BBCD100BCD845 /* ZoomTransitionCoordinator.swift in Sources */,
				E3409DBE196D3A0000BCD845 /* Defines.swift in Sources */,
				E3C2D1EE197F9DE400858DD0 /* EventViewController.swift in Sources */,
				E388DDBB198B740C00F45A02 /* NavigationTitleScrollView.swift in Sources */,
				E3409DC1197BBCBD00BCD845 /* NavigationTitleView.swift in Sources */,
				E3989E7F193D3BA7006DCA09 /* MonthsViewController.swift in Sources */,
				E347F6471988C65200F09BDF /* Additions.swift in Sources */,
				E3989E7D193D3BA7006DCA09 /* AppDelegate.swift in Sources */,
				E3DBF31B198459E50025854B /* DayViewCell.swift in Sources */,
			);
			runOnlyForDeploymentPostprocessing = 0;
		};
		E3989E85193D3BA7006DCA09 /* Sources */ = {
			isa = PBXSourcesBuildPhase;
			buildActionMask = 2147483647;
			files = (
				E3989E90193D3BA7006DCA09 /* EventualTests.swift in Sources */,
			);
			runOnlyForDeploymentPostprocessing = 0;
		};
/* End PBXSourcesBuildPhase section */

/* Begin PBXTargetDependency section */
		E3989E8B193D3BA7006DCA09 /* PBXTargetDependency */ = {
			isa = PBXTargetDependency;
			target = E3989E76193D3BA7006DCA09 /* Eventual */;
			targetProxy = E3989E8A193D3BA7006DCA09 /* PBXContainerItemProxy */;
		};
/* End PBXTargetDependency section */

/* Begin PBXVariantGroup section */
		E3989E80193D3BA7006DCA09 /* Main~iphone.storyboard */ = {
			isa = PBXVariantGroup;
			children = (
				E3989E81193D3BA7006DCA09 /* Base */,
			);
			name = "Main~iphone.storyboard";
			sourceTree = "<group>";
		};
/* End PBXVariantGroup section */

/* Begin XCBuildConfiguration section */
		E3989E91193D3BA7006DCA09 /* Debug */ = {
			isa = XCBuildConfiguration;
			buildSettings = {
				ALWAYS_SEARCH_USER_PATHS = NO;
				CLANG_CXX_LANGUAGE_STANDARD = "gnu++0x";
				CLANG_CXX_LIBRARY = "libc++";
				CLANG_ENABLE_MODULES = YES;
				CLANG_ENABLE_OBJC_ARC = YES;
				CLANG_WARN_BOOL_CONVERSION = YES;
				CLANG_WARN_CONSTANT_CONVERSION = YES;
				CLANG_WARN_DIRECT_OBJC_ISA_USAGE = YES_ERROR;
				CLANG_WARN_EMPTY_BODY = YES;
				CLANG_WARN_ENUM_CONVERSION = YES;
				CLANG_WARN_INT_CONVERSION = YES;
				CLANG_WARN_OBJC_ROOT_CLASS = YES_ERROR;
				CLANG_WARN_UNREACHABLE_CODE = YES;
				CLANG_WARN__DUPLICATE_METHOD_MATCH = YES;
				"CODE_SIGN_IDENTITY[sdk=iphoneos*]" = "iPhone Developer";
				COPY_PHASE_STRIP = NO;
				ENABLE_STRICT_OBJC_MSGSEND = YES;
				GCC_C_LANGUAGE_STANDARD = gnu99;
				GCC_DYNAMIC_NO_PIC = NO;
				GCC_OPTIMIZATION_LEVEL = 0;
				GCC_PREPROCESSOR_DEFINITIONS = (
					"DEBUG=1",
					"$(inherited)",
				);
				GCC_SYMBOLS_PRIVATE_EXTERN = NO;
				GCC_WARN_64_TO_32_BIT_CONVERSION = YES;
				GCC_WARN_ABOUT_RETURN_TYPE = YES_ERROR;
				GCC_WARN_UNDECLARED_SELECTOR = YES;
				GCC_WARN_UNINITIALIZED_AUTOS = YES_AGGRESSIVE;
				GCC_WARN_UNUSED_FUNCTION = YES;
				GCC_WARN_UNUSED_VARIABLE = YES;
				IPHONEOS_DEPLOYMENT_TARGET = 8.0;
				METAL_ENABLE_DEBUG_INFO = YES;
				ONLY_ACTIVE_ARCH = YES;
				SDKROOT = iphoneos;
				SWIFT_OPTIMIZATION_LEVEL = "-Onone";
				TARGETED_DEVICE_FAMILY = "1,2";
			};
			name = Debug;
		};
		E3989E92193D3BA7006DCA09 /* Release */ = {
			isa = XCBuildConfiguration;
			buildSettings = {
				ALWAYS_SEARCH_USER_PATHS = NO;
				CLANG_CXX_LANGUAGE_STANDARD = "gnu++0x";
				CLANG_CXX_LIBRARY = "libc++";
				CLANG_ENABLE_MODULES = YES;
				CLANG_ENABLE_OBJC_ARC = YES;
				CLANG_WARN_BOOL_CONVERSION = YES;
				CLANG_WARN_CONSTANT_CONVERSION = YES;
				CLANG_WARN_DIRECT_OBJC_ISA_USAGE = YES_ERROR;
				CLANG_WARN_EMPTY_BODY = YES;
				CLANG_WARN_ENUM_CONVERSION = YES;
				CLANG_WARN_INT_CONVERSION = YES;
				CLANG_WARN_OBJC_ROOT_CLASS = YES_ERROR;
				CLANG_WARN_UNREACHABLE_CODE = YES;
				CLANG_WARN__DUPLICATE_METHOD_MATCH = YES;
				"CODE_SIGN_IDENTITY[sdk=iphoneos*]" = "iPhone Developer";
				COPY_PHASE_STRIP = YES;
				ENABLE_NS_ASSERTIONS = NO;
				ENABLE_STRICT_OBJC_MSGSEND = YES;
				GCC_C_LANGUAGE_STANDARD = gnu99;
				GCC_WARN_64_TO_32_BIT_CONVERSION = YES;
				GCC_WARN_ABOUT_RETURN_TYPE = YES_ERROR;
				GCC_WARN_UNDECLARED_SELECTOR = YES;
				GCC_WARN_UNINITIALIZED_AUTOS = YES_AGGRESSIVE;
				GCC_WARN_UNUSED_FUNCTION = YES;
				GCC_WARN_UNUSED_VARIABLE = YES;
				IPHONEOS_DEPLOYMENT_TARGET = 8.0;
				METAL_ENABLE_DEBUG_INFO = NO;
				SDKROOT = iphoneos;
				TARGETED_DEVICE_FAMILY = "1,2";
				VALIDATE_PRODUCT = YES;
			};
			name = Release;
		};
		E3989E94193D3BA7006DCA09 /* Debug */ = {
			isa = XCBuildConfiguration;
			buildSettings = {
				ASSETCATALOG_COMPILER_APPICON_NAME = AppIcon;
				ASSETCATALOG_COMPILER_LAUNCHIMAGE_NAME = LaunchImage;
				INFOPLIST_FILE = Eventual/Info.plist;
				LD_RUNPATH_SEARCH_PATHS = "$(inherited) @executable_path/Frameworks";
				PRODUCT_NAME = "$(TARGET_NAME)";
			};
			name = Debug;
		};
		E3989E95193D3BA7006DCA09 /* Release */ = {
			isa = XCBuildConfiguration;
			buildSettings = {
				ASSETCATALOG_COMPILER_APPICON_NAME = AppIcon;
				ASSETCATALOG_COMPILER_LAUNCHIMAGE_NAME = LaunchImage;
				INFOPLIST_FILE = Eventual/Info.plist;
				LD_RUNPATH_SEARCH_PATHS = "$(inherited) @executable_path/Frameworks";
				PRODUCT_NAME = "$(TARGET_NAME)";
			};
			name = Release;
		};
		E3989E97193D3BA7006DCA09 /* Debug */ = {
			isa = XCBuildConfiguration;
			buildSettings = {
				BUNDLE_LOADER = "$(BUILT_PRODUCTS_DIR)/Eventual.app/Eventual";
				FRAMEWORK_SEARCH_PATHS = (
					"$(SDKROOT)/Developer/Library/Frameworks",
					"$(inherited)",
				);
				GCC_PREPROCESSOR_DEFINITIONS = (
					"DEBUG=1",
					"$(inherited)",
				);
				INFOPLIST_FILE = EventualTests/Info.plist;
				LD_RUNPATH_SEARCH_PATHS = "$(inherited) @executable_path/Frameworks @loader_path/Frameworks";
				METAL_ENABLE_DEBUG_INFO = YES;
				PRODUCT_NAME = "$(TARGET_NAME)";
				TEST_HOST = "$(BUNDLE_LOADER)";
			};
			name = Debug;
		};
		E3989E98193D3BA7006DCA09 /* Release */ = {
			isa = XCBuildConfiguration;
			buildSettings = {
				BUNDLE_LOADER = "$(BUILT_PRODUCTS_DIR)/Eventual.app/Eventual";
				FRAMEWORK_SEARCH_PATHS = (
					"$(SDKROOT)/Developer/Library/Frameworks",
					"$(inherited)",
				);
				INFOPLIST_FILE = EventualTests/Info.plist;
				LD_RUNPATH_SEARCH_PATHS = "$(inherited) @executable_path/Frameworks @loader_path/Frameworks";
				METAL_ENABLE_DEBUG_INFO = NO;
				PRODUCT_NAME = "$(TARGET_NAME)";
				TEST_HOST = "$(BUNDLE_LOADER)";
			};
			name = Release;
		};
/* End XCBuildConfiguration section */

/* Begin XCConfigurationList section */
		E3989E72193D3BA7006DCA09 /* Build configuration list for PBXProject "Eventual" */ = {
			isa = XCConfigurationList;
			buildConfigurations = (
				E3989E91193D3BA7006DCA09 /* Debug */,
				E3989E92193D3BA7006DCA09 /* Release */,
			);
			defaultConfigurationIsVisible = 0;
			defaultConfigurationName = Release;
		};
		E3989E93193D3BA7006DCA09 /* Build configuration list for PBXNativeTarget "Eventual" */ = {
			isa = XCConfigurationList;
			buildConfigurations = (
				E3989E94193D3BA7006DCA09 /* Debug */,
				E3989E95193D3BA7006DCA09 /* Release */,
			);
			defaultConfigurationIsVisible = 0;
			defaultConfigurationName = Release;
		};
		E3989E96193D3BA7006DCA09 /* Build configuration list for PBXNativeTarget "EventualTests" */ = {
			isa = XCConfigurationList;
			buildConfigurations = (
				E3989E97193D3BA7006DCA09 /* Debug */,
				E3989E98193D3BA7006DCA09 /* Release */,
			);
			defaultConfigurationIsVisible = 0;
			defaultConfigurationName = Release;
		};
/* End XCConfigurationList section */
	};
	rootObject = E3989E6F193D3BA7006DCA09 /* Project object */;
}
