// !$*UTF8*$!
{
	archiveVersion = 1;
	classes = {
	};
	objectVersion = 46;
	objects = {

/* Begin PBXBuildFile section */
		E30249831BCE38D000694F83 /* EventManagerTests.swift in Sources */ = {isa = PBXBuildFile; fileRef = E30249821BCE38D000694F83 /* EventManagerTests.swift */; };
		E30249851BCF8E3C00694F83 /* NSDateExtensionTests.swift in Sources */ = {isa = PBXBuildFile; fileRef = E30249841BCF8E3C00694F83 /* NSDateExtensionTests.swift */; };
		E30249B51BD102C600694F83 /* UITestAdditions.swift in Sources */ = {isa = PBXBuildFile; fileRef = E30249B41BD102C600694F83 /* UITestAdditions.swift */; };
		E30249B71BD4285A00694F83 /* DayScreenTests.swift in Sources */ = {isa = PBXBuildFile; fileRef = E30249B61BD4285A00694F83 /* DayScreenTests.swift */; };
		E315A7D019E2828C008D5791 /* FormViewController.swift in Sources */ = {isa = PBXBuildFile; fileRef = E315A7CF19E2828C008D5791 /* FormViewController.swift */; };
		E315A7D219E91514008D5791 /* CollectionViewTileLayout.swift in Sources */ = {isa = PBXBuildFile; fileRef = E315A7D119E91514008D5791 /* CollectionViewTileLayout.swift */; };
		E3239C4E19FDB16F008FC007 /* iTunesArtwork.png in Resources */ = {isa = PBXBuildFile; fileRef = E3239C4C19FDB16F008FC007 /* iTunesArtwork.png */; };
		E3239C4F19FDB16F008FC007 /* iTunesArtwork@2x.png in Resources */ = {isa = PBXBuildFile; fileRef = E3239C4D19FDB16F008FC007 /* iTunesArtwork@2x.png */; };
		E3250706193D749B007AA64A /* AppearanceManager.swift in Sources */ = {isa = PBXBuildFile; fileRef = E3250705193D749B007AA64A /* AppearanceManager.swift */; };
		E3250708193D85E1007AA64A /* EventManager.swift in Sources */ = {isa = PBXBuildFile; fileRef = E3250707193D85E1007AA64A /* EventManager.swift */; };
		E32BC0B11B489FE600C2C768 /* MonthsScreenTests.swift in Sources */ = {isa = PBXBuildFile; fileRef = E32BC0B01B489FE600C2C768 /* MonthsScreenTests.swift */; };
		E3409DBE196D3A0000BCD845 /* Defines.swift in Sources */ = {isa = PBXBuildFile; fileRef = E3409DBD196D3A0000BCD845 /* Defines.swift */; };
		E3409DC4197BBCD100BCD845 /* ZoomTransition.swift in Sources */ = {isa = PBXBuildFile; fileRef = E3409DC3197BBCD100BCD845 /* ZoomTransition.swift */; };
		E3456C151A3E0F3400806707 /* LaunchScreen.xib in Resources */ = {isa = PBXBuildFile; fileRef = E3456C131A3E0F3400806707 /* LaunchScreen.xib */; };
		E347F6471988C65200F09BDF /* Additions.swift in Sources */ = {isa = PBXBuildFile; fileRef = E347F6461988C65200F09BDF /* Additions.swift */; };
		E388DDBB198B740C00F45A02 /* NavigationTitleScrollView.swift in Sources */ = {isa = PBXBuildFile; fileRef = E388DDBA198B740C00F45A02 /* NavigationTitleScrollView.swift */; };
		E3989E7D193D3BA7006DCA09 /* AppDelegate.swift in Sources */ = {isa = PBXBuildFile; fileRef = E3989E7C193D3BA7006DCA09 /* AppDelegate.swift */; };
		E3989E7F193D3BA7006DCA09 /* MonthsViewController.swift in Sources */ = {isa = PBXBuildFile; fileRef = E3989E7E193D3BA7006DCA09 /* MonthsViewController.swift */; };
		E3989E82193D3BA7006DCA09 /* Main.storyboard in Resources */ = {isa = PBXBuildFile; fileRef = E3989E80193D3BA7006DCA09 /* Main.storyboard */; };
		E3989E84193D3BA7006DCA09 /* Images.xcassets in Resources */ = {isa = PBXBuildFile; fileRef = E3989E83193D3BA7006DCA09 /* Images.xcassets */; };
		E39CA16219A46BFA002427EF /* eventual.otf in Resources */ = {isa = PBXBuildFile; fileRef = E39CA16119A46BFA002427EF /* eventual.otf */; };
		E3C1B76E1BDE99F300D244C9 /* FormFocusStateTests.swift in Sources */ = {isa = PBXBuildFile; fileRef = E3C1B76D1BDE99F300D244C9 /* FormFocusStateTests.swift */; };
		E3C2D1EB197F98A100858DD0 /* NavigationController.swift in Sources */ = {isa = PBXBuildFile; fileRef = E3C2D1EA197F98A100858DD0 /* NavigationController.swift */; };
		E3C2D1EE197F9DE400858DD0 /* EventViewController.swift in Sources */ = {isa = PBXBuildFile; fileRef = E3C2D1ED197F9DE400858DD0 /* EventViewController.swift */; };
		E3C2D1F1197F9FFE00858DD0 /* DayViewController.swift in Sources */ = {isa = PBXBuildFile; fileRef = E3C2D1F0197F9FFE00858DD0 /* DayViewController.swift */; };
		E3C450101B48B1C7000912E0 /* Defines.swift in Sources */ = {isa = PBXBuildFile; fileRef = E3409DBD196D3A0000BCD845 /* Defines.swift */; };
		E3C450111B48B920000912E0 /* Additions.swift in Sources */ = {isa = PBXBuildFile; fileRef = E347F6461988C65200F09BDF /* Additions.swift */; };
		E3DB41CE199F39430009FA17 /* EventViewCell.swift in Sources */ = {isa = PBXBuildFile; fileRef = E3DB41CD199F39430009FA17 /* EventViewCell.swift */; };
		E3DBF31B198459E50025854B /* DayViewCell.swift in Sources */ = {isa = PBXBuildFile; fileRef = E3DBF31A198459E50025854B /* DayViewCell.swift */; };
		E3E6104B1A4698F000D7720E /* TransitioningDelegate.swift in Sources */ = {isa = PBXBuildFile; fileRef = E3E6104A1A4698F000D7720E /* TransitioningDelegate.swift */; };
		E3EA57971C1FF711007CF7B3 /* IconBarButtonItemTests.swift in Sources */ = {isa = PBXBuildFile; fileRef = E3EA57961C1FF710007CF7B3 /* IconBarButtonItemTests.swift */; };
		E3EA579D1C2405DC007CF7B3 /* FormFocusState.swift in Sources */ = {isa = PBXBuildFile; fileRef = E3EA579C1C2405DC007CF7B3 /* FormFocusState.swift */; };
		E3EA579F1C241A27007CF7B3 /* FormDataSource.swift in Sources */ = {isa = PBXBuildFile; fileRef = E3EA579E1C241A26007CF7B3 /* FormDataSource.swift */; };
		E3EA57A11C254B16007CF7B3 /* FormDataSourceTests.swift in Sources */ = {isa = PBXBuildFile; fileRef = E3EA57A01C254B16007CF7B3 /* FormDataSourceTests.swift */; };
		E3ED32821AB3D41700DE639E /* IconBarButtonItem.swift in Sources */ = {isa = PBXBuildFile; fileRef = E3ED32811AB3D41700DE639E /* IconBarButtonItem.swift */; };
		E3F7BA0419F2DB38002E6451 /* CollectionViewTraits.swift in Sources */ = {isa = PBXBuildFile; fileRef = E3F7BA0319F2DB38002E6451 /* CollectionViewTraits.swift */; };
		E3F7BA0819F902E5002E6451 /* NavigationItem.swift in Sources */ = {isa = PBXBuildFile; fileRef = E3F7BA0719F902E5002E6451 /* NavigationItem.swift */; };
		E3F7BA0A19FC6C51002E6451 /* CollectionViewTileCell.swift in Sources */ = {isa = PBXBuildFile; fileRef = E3F7BA0919FC6C51002E6451 /* CollectionViewTileCell.swift */; };
/* End PBXBuildFile section */

/* Begin PBXContainerItemProxy section */
		E32BC0B31B489FE600C2C768 /* PBXContainerItemProxy */ = {
			isa = PBXContainerItemProxy;
			containerPortal = E3989E6F193D3BA7006DCA09 /* Project object */;
			proxyType = 1;
			remoteGlobalIDString = E3989E76193D3BA7006DCA09;
			remoteInfo = Eventual;
		};
		E32BC0C21B48A01500C2C768 /* PBXContainerItemProxy */ = {
			isa = PBXContainerItemProxy;
			containerPortal = E3989E6F193D3BA7006DCA09 /* Project object */;
			proxyType = 1;
			remoteGlobalIDString = E3989E76193D3BA7006DCA09;
			remoteInfo = Eventual;
		};
/* End PBXContainerItemProxy section */

/* Begin PBXFileReference section */
		E30249821BCE38D000694F83 /* EventManagerTests.swift */ = {isa = PBXFileReference; fileEncoding = 4; lastKnownFileType = sourcecode.swift; path = EventManagerTests.swift; sourceTree = "<group>"; };
		E30249841BCF8E3C00694F83 /* NSDateExtensionTests.swift */ = {isa = PBXFileReference; fileEncoding = 4; lastKnownFileType = sourcecode.swift; path = NSDateExtensionTests.swift; sourceTree = "<group>"; };
		E30249B41BD102C600694F83 /* UITestAdditions.swift */ = {isa = PBXFileReference; fileEncoding = 4; lastKnownFileType = sourcecode.swift; path = UITestAdditions.swift; sourceTree = "<group>"; };
		E30249B61BD4285A00694F83 /* DayScreenTests.swift */ = {isa = PBXFileReference; fileEncoding = 4; lastKnownFileType = sourcecode.swift; path = DayScreenTests.swift; sourceTree = "<group>"; };
		E315A7CF19E2828C008D5791 /* FormViewController.swift */ = {isa = PBXFileReference; fileEncoding = 4; lastKnownFileType = sourcecode.swift; path = FormViewController.swift; sourceTree = "<group>"; };
		E315A7D119E91514008D5791 /* CollectionViewTileLayout.swift */ = {isa = PBXFileReference; fileEncoding = 4; lastKnownFileType = sourcecode.swift; path = CollectionViewTileLayout.swift; sourceTree = "<group>"; };
		E3239C4C19FDB16F008FC007 /* iTunesArtwork.png */ = {isa = PBXFileReference; lastKnownFileType = image.png; path = iTunesArtwork.png; sourceTree = "<group>"; };
		E3239C4D19FDB16F008FC007 /* iTunesArtwork@2x.png */ = {isa = PBXFileReference; lastKnownFileType = image.png; path = "iTunesArtwork@2x.png"; sourceTree = "<group>"; };
		E3250705193D749B007AA64A /* AppearanceManager.swift */ = {isa = PBXFileReference; fileEncoding = 4; lastKnownFileType = sourcecode.swift; path = AppearanceManager.swift; sourceTree = "<group>"; };
		E3250707193D85E1007AA64A /* EventManager.swift */ = {isa = PBXFileReference; fileEncoding = 4; lastKnownFileType = sourcecode.swift; path = EventManager.swift; sourceTree = "<group>"; };
		E32BC0AE1B489FE500C2C768 /* Eventual UI Tests.xctest */ = {isa = PBXFileReference; explicitFileType = wrapper.cfbundle; includeInIndex = 0; path = "Eventual UI Tests.xctest"; sourceTree = BUILT_PRODUCTS_DIR; };
		E32BC0B01B489FE600C2C768 /* MonthsScreenTests.swift */ = {isa = PBXFileReference; lastKnownFileType = sourcecode.swift; path = MonthsScreenTests.swift; sourceTree = "<group>"; };
		E32BC0B21B489FE600C2C768 /* Info.plist */ = {isa = PBXFileReference; lastKnownFileType = text.plist.xml; path = Info.plist; sourceTree = "<group>"; };
		E32BC0BD1B48A01500C2C768 /* Eventual Unit Tests.xctest */ = {isa = PBXFileReference; explicitFileType = wrapper.cfbundle; includeInIndex = 0; path = "Eventual Unit Tests.xctest"; sourceTree = BUILT_PRODUCTS_DIR; };
		E32BC0C11B48A01500C2C768 /* Info.plist */ = {isa = PBXFileReference; lastKnownFileType = text.plist.xml; path = Info.plist; sourceTree = "<group>"; };
		E3409DBD196D3A0000BCD845 /* Defines.swift */ = {isa = PBXFileReference; fileEncoding = 4; lastKnownFileType = sourcecode.swift; path = Defines.swift; sourceTree = "<group>"; };
		E3409DC3197BBCD100BCD845 /* ZoomTransition.swift */ = {isa = PBXFileReference; fileEncoding = 4; lastKnownFileType = sourcecode.swift; path = ZoomTransition.swift; sourceTree = "<group>"; };
		E3456C141A3E0F3400806707 /* Base */ = {isa = PBXFileReference; lastKnownFileType = file.xib; name = Base; path = Base.lproj/LaunchScreen.xib; sourceTree = "<group>"; };
		E347F6461988C65200F09BDF /* Additions.swift */ = {isa = PBXFileReference; fileEncoding = 4; lastKnownFileType = sourcecode.swift; path = Additions.swift; sourceTree = "<group>"; };
		E388DDBA198B740C00F45A02 /* NavigationTitleScrollView.swift */ = {isa = PBXFileReference; fileEncoding = 4; lastKnownFileType = sourcecode.swift; path = NavigationTitleScrollView.swift; sourceTree = "<group>"; };
		E3989E77193D3BA7006DCA09 /* Eventual.app */ = {isa = PBXFileReference; explicitFileType = wrapper.application; includeInIndex = 0; path = Eventual.app; sourceTree = BUILT_PRODUCTS_DIR; };
		E3989E7B193D3BA7006DCA09 /* Info.plist */ = {isa = PBXFileReference; lastKnownFileType = text.plist.xml; path = Info.plist; sourceTree = "<group>"; };
		E3989E7C193D3BA7006DCA09 /* AppDelegate.swift */ = {isa = PBXFileReference; lastKnownFileType = sourcecode.swift; path = AppDelegate.swift; sourceTree = "<group>"; };
		E3989E7E193D3BA7006DCA09 /* MonthsViewController.swift */ = {isa = PBXFileReference; lastKnownFileType = sourcecode.swift; path = MonthsViewController.swift; sourceTree = "<group>"; };
		E3989E81193D3BA7006DCA09 /* Base */ = {isa = PBXFileReference; lastKnownFileType = file.storyboard; name = Base; path = Base.lproj/Main.storyboard; sourceTree = "<group>"; };
		E3989E83193D3BA7006DCA09 /* Images.xcassets */ = {isa = PBXFileReference; lastKnownFileType = folder.assetcatalog; path = Images.xcassets; sourceTree = "<group>"; };
		E39CA16119A46BFA002427EF /* eventual.otf */ = {isa = PBXFileReference; lastKnownFileType = file; path = eventual.otf; sourceTree = "<group>"; };
		E3C1B76D1BDE99F300D244C9 /* FormFocusStateTests.swift */ = {isa = PBXFileReference; fileEncoding = 4; lastKnownFileType = sourcecode.swift; path = FormFocusStateTests.swift; sourceTree = "<group>"; };
		E3C2D1EA197F98A100858DD0 /* NavigationController.swift */ = {isa = PBXFileReference; fileEncoding = 4; lastKnownFileType = sourcecode.swift; path = NavigationController.swift; sourceTree = "<group>"; };
		E3C2D1ED197F9DE400858DD0 /* EventViewController.swift */ = {isa = PBXFileReference; fileEncoding = 4; lastKnownFileType = sourcecode.swift; path = EventViewController.swift; sourceTree = "<group>"; };
		E3C2D1F0197F9FFE00858DD0 /* DayViewController.swift */ = {isa = PBXFileReference; fileEncoding = 4; lastKnownFileType = sourcecode.swift; path = DayViewController.swift; sourceTree = "<group>"; };
		E3DB41CD199F39430009FA17 /* EventViewCell.swift */ = {isa = PBXFileReference; fileEncoding = 4; lastKnownFileType = sourcecode.swift; path = EventViewCell.swift; sourceTree = "<group>"; };
		E3DBF31A198459E50025854B /* DayViewCell.swift */ = {isa = PBXFileReference; fileEncoding = 4; lastKnownFileType = sourcecode.swift; path = DayViewCell.swift; sourceTree = "<group>"; };
		E3E6104A1A4698F000D7720E /* TransitioningDelegate.swift */ = {isa = PBXFileReference; fileEncoding = 4; lastKnownFileType = sourcecode.swift; path = TransitioningDelegate.swift; sourceTree = "<group>"; };
		E3EA57961C1FF710007CF7B3 /* IconBarButtonItemTests.swift */ = {isa = PBXFileReference; fileEncoding = 4; lastKnownFileType = sourcecode.swift; path = IconBarButtonItemTests.swift; sourceTree = "<group>"; };
		E3EA579C1C2405DC007CF7B3 /* FormFocusState.swift */ = {isa = PBXFileReference; fileEncoding = 4; lastKnownFileType = sourcecode.swift; path = FormFocusState.swift; sourceTree = "<group>"; };
		E3EA579E1C241A26007CF7B3 /* FormDataSource.swift */ = {isa = PBXFileReference; fileEncoding = 4; lastKnownFileType = sourcecode.swift; path = FormDataSource.swift; sourceTree = "<group>"; };
		E3EA57A01C254B16007CF7B3 /* FormDataSourceTests.swift */ = {isa = PBXFileReference; fileEncoding = 4; lastKnownFileType = sourcecode.swift; path = FormDataSourceTests.swift; sourceTree = "<group>"; };
		E3ED32811AB3D41700DE639E /* IconBarButtonItem.swift */ = {isa = PBXFileReference; fileEncoding = 4; lastKnownFileType = sourcecode.swift; path = IconBarButtonItem.swift; sourceTree = "<group>"; };
		E3F7BA0319F2DB38002E6451 /* CollectionViewTraits.swift */ = {isa = PBXFileReference; fileEncoding = 4; lastKnownFileType = sourcecode.swift; path = CollectionViewTraits.swift; sourceTree = "<group>"; };
		E3F7BA0719F902E5002E6451 /* NavigationItem.swift */ = {isa = PBXFileReference; fileEncoding = 4; lastKnownFileType = sourcecode.swift; path = NavigationItem.swift; sourceTree = "<group>"; };
		E3F7BA0919FC6C51002E6451 /* CollectionViewTileCell.swift */ = {isa = PBXFileReference; fileEncoding = 4; lastKnownFileType = sourcecode.swift; path = CollectionViewTileCell.swift; sourceTree = "<group>"; };
/* End PBXFileReference section */

/* Begin PBXFrameworksBuildPhase section */
		E32BC0AB1B489FE500C2C768 /* Frameworks */ = {
			isa = PBXFrameworksBuildPhase;
			buildActionMask = 2147483647;
			files = (
			);
			runOnlyForDeploymentPostprocessing = 0;
		};
		E32BC0BA1B48A01500C2C768 /* Frameworks */ = {
			isa = PBXFrameworksBuildPhase;
			buildActionMask = 2147483647;
			files = (
			);
			runOnlyForDeploymentPostprocessing = 0;
		};
		E3989E74193D3BA7006DCA09 /* Frameworks */ = {
			isa = PBXFrameworksBuildPhase;
			buildActionMask = 2147483647;
			files = (
			);
			runOnlyForDeploymentPostprocessing = 0;
		};
/* End PBXFrameworksBuildPhase section */

/* Begin PBXGroup section */
		E32BC0AF1B489FE600C2C768 /* Eventual UI Tests */ = {
			isa = PBXGroup;
			children = (
				E32BC0B01B489FE600C2C768 /* MonthsScreenTests.swift */,
				E30249B61BD4285A00694F83 /* DayScreenTests.swift */,
				E30249B41BD102C600694F83 /* UITestAdditions.swift */,
				E32BC0B21B489FE600C2C768 /* Info.plist */,
			);
			path = "Eventual UI Tests";
			sourceTree = "<group>";
		};
		E32BC0BE1B48A01500C2C768 /* Eventual Unit Tests */ = {
			isa = PBXGroup;
			children = (
				E30249821BCE38D000694F83 /* EventManagerTests.swift */,
				E3EA57991C2401C7007CF7B3 /* Forms */,
				E30249841BCF8E3C00694F83 /* NSDateExtensionTests.swift */,
				E32BC0C11B48A01500C2C768 /* Info.plist */,
			);
			path = "Eventual Unit Tests";
			sourceTree = "<group>";
		};
		E3989E6E193D3BA7006DCA09 = {
			isa = PBXGroup;
			children = (
				E3989E79193D3BA7006DCA09 /* Eventual */,
				E32BC0AF1B489FE600C2C768 /* Eventual UI Tests */,
				E32BC0BE1B48A01500C2C768 /* Eventual Unit Tests */,
				E3989E78193D3BA7006DCA09 /* Products */,
			);
			sourceTree = "<group>";
		};
		E3989E78193D3BA7006DCA09 /* Products */ = {
			isa = PBXGroup;
			children = (
				E3989E77193D3BA7006DCA09 /* Eventual.app */,
				E32BC0AE1B489FE500C2C768 /* Eventual UI Tests.xctest */,
				E32BC0BD1B48A01500C2C768 /* Eventual Unit Tests.xctest */,
			);
			name = Products;
			sourceTree = "<group>";
		};
		E3989E79193D3BA7006DCA09 /* Eventual */ = {
			isa = PBXGroup;
			children = (
				E3EA579A1C2401DE007CF7B3 /* Collections */,
				E3EA57981C240190007CF7B3 /* Forms */,
				E3EA579B1C2402A9007CF7B3 /* Transitions */,
				E347F6461988C65200F09BDF /* Additions.swift */,
				E3989E7C193D3BA7006DCA09 /* AppDelegate.swift */,
				E3250705193D749B007AA64A /* AppearanceManager.swift */,
				E3409DBD196D3A0000BCD845 /* Defines.swift */,
				E3250707193D85E1007AA64A /* EventManager.swift */,
				E3C2D1EA197F98A100858DD0 /* NavigationController.swift */,
				E3F7BA0719F902E5002E6451 /* NavigationItem.swift */,
				E388DDBA198B740C00F45A02 /* NavigationTitleScrollView.swift */,
				E3989E83193D3BA7006DCA09 /* Images.xcassets */,
				E3456C131A3E0F3400806707 /* LaunchScreen.xib */,
				E3989E80193D3BA7006DCA09 /* Main.storyboard */,
				E3989E7A193D3BA7006DCA09 /* Supporting Files */,
			);
			path = Eventual;
			sourceTree = "<group>";
		};
		E3989E7A193D3BA7006DCA09 /* Supporting Files */ = {
			isa = PBXGroup;
			children = (
				E3989E7B193D3BA7006DCA09 /* Info.plist */,
				E39CA16119A46BFA002427EF /* eventual.otf */,
				E3239C4C19FDB16F008FC007 /* iTunesArtwork.png */,
				E3239C4D19FDB16F008FC007 /* iTunesArtwork@2x.png */,
			);
			name = "Supporting Files";
			sourceTree = "<group>";
		};
		E3EA57981C240190007CF7B3 /* Forms */ = {
			isa = PBXGroup;
			children = (
				E3C2D1ED197F9DE400858DD0 /* EventViewController.swift */,
				E3EA579E1C241A26007CF7B3 /* FormDataSource.swift */,
				E3EA579C1C2405DC007CF7B3 /* FormFocusState.swift */,
				E315A7CF19E2828C008D5791 /* FormViewController.swift */,
				E3ED32811AB3D41700DE639E /* IconBarButtonItem.swift */,
			);
			name = Forms;
			sourceTree = "<group>";
		};
		E3EA57991C2401C7007CF7B3 /* Forms */ = {
			isa = PBXGroup;
			children = (
				E3C1B76D1BDE99F300D244C9 /* FormFocusStateTests.swift */,
				E3EA57A01C254B16007CF7B3 /* FormDataSourceTests.swift */,
				E3EA57961C1FF710007CF7B3 /* IconBarButtonItemTests.swift */,
			);
			name = Forms;
			sourceTree = "<group>";
		};
		E3EA579A1C2401DE007CF7B3 /* Collections */ = {
			isa = PBXGroup;
			children = (
				E3F7BA0919FC6C51002E6451 /* CollectionViewTileCell.swift */,
				E315A7D119E91514008D5791 /* CollectionViewTileLayout.swift */,
				E3F7BA0319F2DB38002E6451 /* CollectionViewTraits.swift */,
				E3DBF31A198459E50025854B /* DayViewCell.swift */,
				E3C2D1F0197F9FFE00858DD0 /* DayViewController.swift */,
				E3DB41CD199F39430009FA17 /* EventViewCell.swift */,
				E3989E7E193D3BA7006DCA09 /* MonthsViewController.swift */,
			);
			name = Collections;
			sourceTree = "<group>";
		};
		E3EA579B1C2402A9007CF7B3 /* Transitions */ = {
			isa = PBXGroup;
			children = (
				E3E6104A1A4698F000D7720E /* TransitioningDelegate.swift */,
				E3409DC3197BBCD100BCD845 /* ZoomTransition.swift */,
			);
			name = Transitions;
			sourceTree = "<group>";
		};
/* End PBXGroup section */

/* Begin PBXNativeTarget section */
		E32BC0AD1B489FE500C2C768 /* Eventual UI Tests */ = {
			isa = PBXNativeTarget;
			buildConfigurationList = E32BC0B51B489FE600C2C768 /* Build configuration list for PBXNativeTarget "Eventual UI Tests" */;
			buildPhases = (
				E32BC0AA1B489FE500C2C768 /* Sources */,
				E32BC0AB1B489FE500C2C768 /* Frameworks */,
				E32BC0AC1B489FE500C2C768 /* Resources */,
			);
			buildRules = (
			);
			dependencies = (
				E32BC0B41B489FE600C2C768 /* PBXTargetDependency */,
			);
			name = "Eventual UI Tests";
			productName = "Eventual UI Tests";
			productReference = E32BC0AE1B489FE500C2C768 /* Eventual UI Tests.xctest */;
			productType = "com.apple.product-type.bundle.ui-testing";
		};
		E32BC0BC1B48A01500C2C768 /* Eventual Unit Tests */ = {
			isa = PBXNativeTarget;
			buildConfigurationList = E32BC0C41B48A01500C2C768 /* Build configuration list for PBXNativeTarget "Eventual Unit Tests" */;
			buildPhases = (
				E32BC0B91B48A01500C2C768 /* Sources */,
				E32BC0BA1B48A01500C2C768 /* Frameworks */,
				E32BC0BB1B48A01500C2C768 /* Resources */,
			);
			buildRules = (
			);
			dependencies = (
				E32BC0C31B48A01500C2C768 /* PBXTargetDependency */,
			);
			name = "Eventual Unit Tests";
			productName = "Eventual Unit Tests";
			productReference = E32BC0BD1B48A01500C2C768 /* Eventual Unit Tests.xctest */;
			productType = "com.apple.product-type.bundle.unit-test";
		};
		E3989E76193D3BA7006DCA09 /* Eventual */ = {
			isa = PBXNativeTarget;
			buildConfigurationList = E3989E93193D3BA7006DCA09 /* Build configuration list for PBXNativeTarget "Eventual" */;
			buildPhases = (
				E3989E73193D3BA7006DCA09 /* Sources */,
				E3989E74193D3BA7006DCA09 /* Frameworks */,
				E3989E75193D3BA7006DCA09 /* Resources */,
			);
			buildRules = (
			);
			dependencies = (
			);
			name = Eventual;
			productName = Eventual;
			productReference = E3989E77193D3BA7006DCA09 /* Eventual.app */;
			productType = "com.apple.product-type.application";
		};
/* End PBXNativeTarget section */

/* Begin PBXProject section */
		E3989E6F193D3BA7006DCA09 /* Project object */ = {
			isa = PBXProject;
			attributes = {
				LastSwiftUpdateCheck = 0700;
				LastUpgradeCheck = 0700;
				ORGANIZATIONNAME = "Eventual App";
				TargetAttributes = {
					E32BC0AD1B489FE500C2C768 = {
						CreatedOnToolsVersion = 7.0;
						TestTargetID = E3989E76193D3BA7006DCA09;
					};
					E32BC0BC1B48A01500C2C768 = {
						CreatedOnToolsVersion = 7.0;
						TestTargetID = E3989E76193D3BA7006DCA09;
					};
					E3989E76193D3BA7006DCA09 = {
						CreatedOnToolsVersion = 6.0;
						DevelopmentTeam = 7F87NZ2DAE;
					};
				};
			};
			buildConfigurationList = E3989E72193D3BA7006DCA09 /* Build configuration list for PBXProject "Eventual" */;
			compatibilityVersion = "Xcode 3.2";
			developmentRegion = English;
			hasScannedForEncodings = 0;
			knownRegions = (
				en,
				Base,
			);
			mainGroup = E3989E6E193D3BA7006DCA09;
			productRefGroup = E3989E78193D3BA7006DCA09 /* Products */;
			projectDirPath = "";
			projectRoot = "";
			targets = (
				E3989E76193D3BA7006DCA09 /* Eventual */,
				E32BC0AD1B489FE500C2C768 /* Eventual UI Tests */,
				E32BC0BC1B48A01500C2C768 /* Eventual Unit Tests */,
			);
		};
/* End PBXProject section */

/* Begin PBXResourcesBuildPhase section */
		E32BC0AC1B489FE500C2C768 /* Resources */ = {
			isa = PBXResourcesBuildPhase;
			buildActionMask = 2147483647;
			files = (
			);
			runOnlyForDeploymentPostprocessing = 0;
		};
		E32BC0BB1B48A01500C2C768 /* Resources */ = {
			isa = PBXResourcesBuildPhase;
			buildActionMask = 2147483647;
			files = (
			);
			runOnlyForDeploymentPostprocessing = 0;
		};
		E3989E75193D3BA7006DCA09 /* Resources */ = {
			isa = PBXResourcesBuildPhase;
			buildActionMask = 2147483647;
			files = (
				E39CA16219A46BFA002427EF /* eventual.otf in Resources */,
				E3239C4F19FDB16F008FC007 /* iTunesArtwork@2x.png in Resources */,
				E3989E82193D3BA7006DCA09 /* Main.storyboard in Resources */,
				E3239C4E19FDB16F008FC007 /* iTunesArtwork.png in Resources */,
				E3456C151A3E0F3400806707 /* LaunchScreen.xib in Resources */,
				E3989E84193D3BA7006DCA09 /* Images.xcassets in Resources */,
			);
			runOnlyForDeploymentPostprocessing = 0;
		};
/* End PBXResourcesBuildPhase section */

/* Begin PBXSourcesBuildPhase section */
		E32BC0AA1B489FE500C2C768 /* Sources */ = {
			isa = PBXSourcesBuildPhase;
			buildActionMask = 2147483647;
			files = (
				E3C450111B48B920000912E0 /* Additions.swift in Sources */,
				E30249B51BD102C600694F83 /* UITestAdditions.swift in Sources */,
				E30249B71BD4285A00694F83 /* DayScreenTests.swift in Sources */,
				E3C450101B48B1C7000912E0 /* Defines.swift in Sources */,
				E32BC0B11B489FE600C2C768 /* MonthsScreenTests.swift in Sources */,
			);
			runOnlyForDeploymentPostprocessing = 0;
		};
		E32BC0B91B48A01500C2C768 /* Sources */ = {
			isa = PBXSourcesBuildPhase;
			buildActionMask = 2147483647;
			files = (
				E30249851BCF8E3C00694F83 /* NSDateExtensionTests.swift in Sources */,
				E3EA57A11C254B16007CF7B3 /* FormDataSourceTests.swift in Sources */,
				E30249831BCE38D000694F83 /* EventManagerTests.swift in Sources */,
				E3C1B76E1BDE99F300D244C9 /* FormFocusStateTests.swift in Sources */,
				E3EA57971C1FF711007CF7B3 /* IconBarButtonItemTests.swift in Sources */,
			);
			runOnlyForDeploymentPostprocessing = 0;
		};
		E3989E73193D3BA7006DCA09 /* Sources */ = {
			isa = PBXSourcesBuildPhase;
			buildActionMask = 2147483647;
			files = (
				E3F7BA0A19FC6C51002E6451 /* CollectionViewTileCell.swift in Sources */,
				E3F7BA0819F902E5002E6451 /* NavigationItem.swift in Sources */,
				E3EA579F1C241A27007CF7B3 /* FormDataSource.swift in Sources */,
				E3250706193D749B007AA64A /* AppearanceManager.swift in Sources */,
				E3C2D1F1197F9FFE00858DD0 /* DayViewController.swift in Sources */,
				E3C2D1EB197F98A100858DD0 /* NavigationController.swift in Sources */,
				E315A7D019E2828C008D5791 /* FormViewController.swift in Sources */,
				E3DB41CE199F39430009FA17 /* EventViewCell.swift in Sources */,
				E3ED32821AB3D41700DE639E /* IconBarButtonItem.swift in Sources */,
				E3250708193D85E1007AA64A /* EventManager.swift in Sources */,
				E3409DC4197BBCD100BCD845 /* ZoomTransition.swift in Sources */,
				E3409DBE196D3A0000BCD845 /* Defines.swift in Sources */,
				E3F7BA0419F2DB38002E6451 /* CollectionViewTraits.swift in Sources */,
				E315A7D219E91514008D5791 /* CollectionViewTileLayout.swift in Sources */,
				E3EA579D1C2405DC007CF7B3 /* FormFocusState.swift in Sources */,
				E3E6104B1A4698F000D7720E /* TransitioningDelegate.swift in Sources */,
				E3C2D1EE197F9DE400858DD0 /* EventViewController.swift in Sources */,
				E388DDBB198B740C00F45A02 /* NavigationTitleScrollView.swift in Sources */,
				E3989E7F193D3BA7006DCA09 /* MonthsViewController.swift in Sources */,
				E347F6471988C65200F09BDF /* Additions.swift in Sources */,
				E3989E7D193D3BA7006DCA09 /* AppDelegate.swift in Sources */,
				E3DBF31B198459E50025854B /* DayViewCell.swift in Sources */,
			);
			runOnlyForDeploymentPostprocessing = 0;
		};
/* End PBXSourcesBuildPhase section */

/* Begin PBXTargetDependency section */
		E32BC0B41B489FE600C2C768 /* PBXTargetDependency */ = {
			isa = PBXTargetDependency;
			target = E3989E76193D3BA7006DCA09 /* Eventual */;
			targetProxy = E32BC0B31B489FE600C2C768 /* PBXContainerItemProxy */;
		};
		E32BC0C31B48A01500C2C768 /* PBXTargetDependency */ = {
			isa = PBXTargetDependency;
			target = E3989E76193D3BA7006DCA09 /* Eventual */;
			targetProxy = E32BC0C21B48A01500C2C768 /* PBXContainerItemProxy */;
		};
/* End PBXTargetDependency section */

/* Begin PBXVariantGroup section */
		E3456C131A3E0F3400806707 /* LaunchScreen.xib */ = {
			isa = PBXVariantGroup;
			children = (
				E3456C141A3E0F3400806707 /* Base */,
			);
			name = LaunchScreen.xib;
			sourceTree = "<group>";
		};
		E3989E80193D3BA7006DCA09 /* Main.storyboard */ = {
			isa = PBXVariantGroup;
			children = (
				E3989E81193D3BA7006DCA09 /* Base */,
			);
			name = Main.storyboard;
			sourceTree = "<group>";
		};
/* End PBXVariantGroup section */

/* Begin XCBuildConfiguration section */
		E32BC0B61B489FE600C2C768 /* Debug */ = {
			isa = XCBuildConfiguration;
			buildSettings = {
				DEBUG_INFORMATION_FORMAT = dwarf;
				GCC_NO_COMMON_BLOCKS = YES;
				INFOPLIST_FILE = "Eventual UI Tests/Info.plist";
				LD_RUNPATH_SEARCH_PATHS = "$(inherited) @executable_path/Frameworks @loader_path/Frameworks";
				MTL_ENABLE_DEBUG_INFO = YES;
				PRODUCT_BUNDLE_IDENTIFIER = "com.eventual-app.Eventual-UI-Tests";
				PRODUCT_NAME = "$(TARGET_NAME)";
				TEST_TARGET_NAME = Eventual;
				USES_XCTRUNNER = YES;
			};
			name = Debug;
		};
		E32BC0B71B489FE600C2C768 /* Release */ = {
			isa = XCBuildConfiguration;
			buildSettings = {
				COPY_PHASE_STRIP = NO;
				DEBUG_INFORMATION_FORMAT = "dwarf-with-dsym";
				GCC_NO_COMMON_BLOCKS = YES;
				INFOPLIST_FILE = "Eventual UI Tests/Info.plist";
				LD_RUNPATH_SEARCH_PATHS = "$(inherited) @executable_path/Frameworks @loader_path/Frameworks";
				MTL_ENABLE_DEBUG_INFO = NO;
				PRODUCT_BUNDLE_IDENTIFIER = "com.eventual-app.Eventual-UI-Tests";
				PRODUCT_NAME = "$(TARGET_NAME)";
				TEST_TARGET_NAME = Eventual;
				USES_XCTRUNNER = YES;
			};
			name = Release;
		};
		E32BC0C51B48A01500C2C768 /* Debug */ = {
			isa = XCBuildConfiguration;
			buildSettings = {
				BUNDLE_LOADER = "$(TEST_HOST)";
				DEBUG_INFORMATION_FORMAT = dwarf;
				GCC_NO_COMMON_BLOCKS = YES;
				INFOPLIST_FILE = "Eventual Unit Tests/Info.plist";
				LD_RUNPATH_SEARCH_PATHS = "$(inherited) @executable_path/Frameworks @loader_path/Frameworks";
				MTL_ENABLE_DEBUG_INFO = YES;
				PRODUCT_BUNDLE_IDENTIFIER = "com.eventual-app.Eventual-Unit-Tests";
				PRODUCT_NAME = "$(TARGET_NAME)";
				TEST_HOST = "$(BUILT_PRODUCTS_DIR)/Eventual.app/Eventual";
			};
			name = Debug;
		};
		E32BC0C61B48A01500C2C768 /* Release */ = {
			isa = XCBuildConfiguration;
			buildSettings = {
				BUNDLE_LOADER = "$(TEST_HOST)";
				COPY_PHASE_STRIP = NO;
				DEBUG_INFORMATION_FORMAT = "dwarf-with-dsym";
				GCC_NO_COMMON_BLOCKS = YES;
				INFOPLIST_FILE = "Eventual Unit Tests/Info.plist";
				LD_RUNPATH_SEARCH_PATHS = "$(inherited) @executable_path/Frameworks @loader_path/Frameworks";
				MTL_ENABLE_DEBUG_INFO = NO;
				PRODUCT_BUNDLE_IDENTIFIER = "com.eventual-app.Eventual-Unit-Tests";
				PRODUCT_NAME = "$(TARGET_NAME)";
				TEST_HOST = "$(BUILT_PRODUCTS_DIR)/Eventual.app/Eventual";
			};
			name = Release;
		};
		E3989E91193D3BA7006DCA09 /* Debug */ = {
			isa = XCBuildConfiguration;
			buildSettings = {
				ALWAYS_SEARCH_USER_PATHS = NO;
				CLANG_CXX_LANGUAGE_STANDARD = "gnu++0x";
				CLANG_CXX_LIBRARY = "libc++";
				CLANG_ENABLE_MODULES = YES;
				CLANG_ENABLE_OBJC_ARC = YES;
				CLANG_WARN_BOOL_CONVERSION = YES;
				CLANG_WARN_CONSTANT_CONVERSION = YES;
				CLANG_WARN_DIRECT_OBJC_ISA_USAGE = YES_ERROR;
				CLANG_WARN_EMPTY_BODY = YES;
				CLANG_WARN_ENUM_CONVERSION = YES;
				CLANG_WARN_INT_CONVERSION = YES;
				CLANG_WARN_OBJC_ROOT_CLASS = YES_ERROR;
				CLANG_WARN_UNREACHABLE_CODE = YES;
				CLANG_WARN__DUPLICATE_METHOD_MATCH = YES;
				"CODE_SIGN_IDENTITY[sdk=iphoneos*]" = "iPhone Developer";
				COPY_PHASE_STRIP = NO;
				ENABLE_STRICT_OBJC_MSGSEND = YES;
				ENABLE_TESTABILITY = YES;
				GCC_C_LANGUAGE_STANDARD = gnu99;
				GCC_DYNAMIC_NO_PIC = NO;
				GCC_OPTIMIZATION_LEVEL = 0;
				GCC_PREPROCESSOR_DEFINITIONS = (
					"DEBUG=1",
					"$(inherited)",
				);
				GCC_SYMBOLS_PRIVATE_EXTERN = NO;
				GCC_WARN_64_TO_32_BIT_CONVERSION = YES;
				GCC_WARN_ABOUT_RETURN_TYPE = YES_ERROR;
				GCC_WARN_UNDECLARED_SELECTOR = YES;
				GCC_WARN_UNINITIALIZED_AUTOS = YES_AGGRESSIVE;
				GCC_WARN_UNUSED_FUNCTION = YES;
				GCC_WARN_UNUSED_VARIABLE = YES;
				IPHONEOS_DEPLOYMENT_TARGET = 9.0;
				METAL_ENABLE_DEBUG_INFO = YES;
				ONLY_ACTIVE_ARCH = YES;
				SDKROOT = iphoneos;
				SWIFT_OPTIMIZATION_LEVEL = "-Onone";
				TARGETED_DEVICE_FAMILY = "1,2";
			};
			name = Debug;
		};
		E3989E92193D3BA7006DCA09 /* Release */ = {
			isa = XCBuildConfiguration;
			buildSettings = {
				ALWAYS_SEARCH_USER_PATHS = NO;
				CLANG_CXX_LANGUAGE_STANDARD = "gnu++0x";
				CLANG_CXX_LIBRARY = "libc++";
				CLANG_ENABLE_MODULES = YES;
				CLANG_ENABLE_OBJC_ARC = YES;
				CLANG_WARN_BOOL_CONVERSION = YES;
				CLANG_WARN_CONSTANT_CONVERSION = YES;
				CLANG_WARN_DIRECT_OBJC_ISA_USAGE = YES_ERROR;
				CLANG_WARN_EMPTY_BODY = YES;
				CLANG_WARN_ENUM_CONVERSION = YES;
				CLANG_WARN_INT_CONVERSION = YES;
				CLANG_WARN_OBJC_ROOT_CLASS = YES_ERROR;
				CLANG_WARN_UNREACHABLE_CODE = YES;
				CLANG_WARN__DUPLICATE_METHOD_MATCH = YES;
				"CODE_SIGN_IDENTITY[sdk=iphoneos*]" = "iPhone Developer";
				COPY_PHASE_STRIP = YES;
				ENABLE_NS_ASSERTIONS = NO;
				ENABLE_STRICT_OBJC_MSGSEND = YES;
				GCC_C_LANGUAGE_STANDARD = gnu99;
				GCC_WARN_64_TO_32_BIT_CONVERSION = YES;
				GCC_WARN_ABOUT_RETURN_TYPE = YES_ERROR;
				GCC_WARN_UNDECLARED_SELECTOR = YES;
				GCC_WARN_UNINITIALIZED_AUTOS = YES_AGGRESSIVE;
				GCC_WARN_UNUSED_FUNCTION = YES;
				GCC_WARN_UNUSED_VARIABLE = YES;
				IPHONEOS_DEPLOYMENT_TARGET = 9.0;
				METAL_ENABLE_DEBUG_INFO = NO;
				SDKROOT = iphoneos;
				TARGETED_DEVICE_FAMILY = "1,2";
				VALIDATE_PRODUCT = YES;
			};
			name = Release;
		};
		E3989E94193D3BA7006DCA09 /* Debug */ = {
			isa = XCBuildConfiguration;
			buildSettings = {
				ASSETCATALOG_COMPILER_APPICON_NAME = AppIcon;
				CODE_SIGN_IDENTITY = "iPhone Developer";
				"CODE_SIGN_IDENTITY[sdk=iphoneos*]" = "iPhone Developer";
				INFOPLIST_FILE = Eventual/Info.plist;
				LD_RUNPATH_SEARCH_PATHS = "$(inherited) @executable_path/Frameworks";
				PRODUCT_BUNDLE_IDENTIFIER = "com.eventual-app.$(PRODUCT_NAME:rfc1034identifier)";
				PRODUCT_NAME = "$(TARGET_NAME)";
				PROVISIONING_PROFILE = "";
			};
			name = Debug;
		};
		E3989E95193D3BA7006DCA09 /* Release */ = {
			isa = XCBuildConfiguration;
			buildSettings = {
				ASSETCATALOG_COMPILER_APPICON_NAME = AppIcon;
				CODE_SIGN_IDENTITY = "iPhone Developer";
				"CODE_SIGN_IDENTITY[sdk=iphoneos*]" = "iPhone Developer";
				INFOPLIST_FILE = Eventual/Info.plist;
				LD_RUNPATH_SEARCH_PATHS = "$(inherited) @executable_path/Frameworks";
				PRODUCT_BUNDLE_IDENTIFIER = "com.eventual-app.$(PRODUCT_NAME:rfc1034identifier)";
				PRODUCT_NAME = "$(TARGET_NAME)";
				PROVISIONING_PROFILE = "";
			};
			name = Release;
		};
/* End XCBuildConfiguration section */

/* Begin XCConfigurationList section */
		E32BC0B51B489FE600C2C768 /* Build configuration list for PBXNativeTarget "Eventual UI Tests" */ = {
			isa = XCConfigurationList;
			buildConfigurations = (
				E32BC0B61B489FE600C2C768 /* Debug */,
				E32BC0B71B489FE600C2C768 /* Release */,
			);
			defaultConfigurationIsVisible = 0;
			defaultConfigurationName = Release;
		};
		E32BC0C41B48A01500C2C768 /* Build configuration list for PBXNativeTarget "Eventual Unit Tests" */ = {
			isa = XCConfigurationList;
			buildConfigurations = (
				E32BC0C51B48A01500C2C768 /* Debug */,
				E32BC0C61B48A01500C2C768 /* Release */,
			);
			defaultConfigurationIsVisible = 0;
			defaultConfigurationName = Release;
		};
		E3989E72193D3BA7006DCA09 /* Build configuration list for PBXProject "Eventual" */ = {
			isa = XCConfigurationList;
			buildConfigurations = (
				E3989E91193D3BA7006DCA09 /* Debug */,
				E3989E92193D3BA7006DCA09 /* Release */,
			);
			defaultConfigurationIsVisible = 0;
			defaultConfigurationName = Release;
		};
		E3989E93193D3BA7006DCA09 /* Build configuration list for PBXNativeTarget "Eventual" */ = {
			isa = XCConfigurationList;
			buildConfigurations = (
				E3989E94193D3BA7006DCA09 /* Debug */,
				E3989E95193D3BA7006DCA09 /* Release */,
			);
			defaultConfigurationIsVisible = 0;
			defaultConfigurationName = Release;
		};
/* End XCConfigurationList section */
	};
	rootObject = E3989E6F193D3BA7006DCA09 /* Project object */;
}
